
Microsoft Visual Studio Solution File, Format Version 12.00
# Visual Studio 14
VisualStudioVersion = 14.0.22512.0
MinimumVisualStudioVersion = 10.0.40219.1
Project("{FAE04EC0-301F-11D3-BF4B-00C04F79EFBC}") = "FamilyTreeProject.Models", "src\FamilyTreeProject.Models\FamilyTreeProject.Models.csproj", "{BA58D9F1-31A6-4BDE-9396-0ABA7EE082D9}"
EndProject
Global
	GlobalSection(SolutionConfigurationPlatforms) = preSolution
		Debug|Any CPU = Debug|Any CPU
		Release|Any CPU = Release|Any CPU
	EndGlobalSection
	GlobalSection(ProjectConfigurationPlatforms) = postSolution
		{BA58D9F1-31A6-4BDE-9396-0ABA7EE082D9}.Debug|Any CPU.ActiveCfg = Debug|Any CPU
		{BA58D9F1-31A6-4BDE-9396-0ABA7EE082D9}.Debug|Any CPU.Build.0 = Debug|Any CPU
		{BA58D9F1-31A6-4BDE-9396-0ABA7EE082D9}.Release|Any CPU.ActiveCfg = Release|Any CPU
		{BA58D9F1-31A6-4BDE-9396-0ABA7EE082D9}.Release|Any CPU.Build.0 = Release|Any CPU
	EndGlobalSection
	GlobalSection(SolutionProperties) = preSolution
		HideSolutionNode = FALSE
	EndGlobalSection
EndGlobal
